// !$*UTF8*$!
{
	archiveVersion = 1;
	classes = {
	};
	objectVersion = 48;
	objects = {

/* Begin PBXBuildFile section */
		52514510213574F500F378EA /* AppDelegate.m in Sources */ = {isa = PBXBuildFile; fileRef = 5251450F213574F500F378EA /* AppDelegate.m */; };
		52514513213574F500F378EA /* ViewController.m in Sources */ = {isa = PBXBuildFile; fileRef = 52514512213574F500F378EA /* ViewController.m */; };
		52514516213574F500F378EA /* Main.storyboard in Resources */ = {isa = PBXBuildFile; fileRef = 52514514213574F500F378EA /* Main.storyboard */; };
		52514518213574F500F378EA /* Assets.xcassets in Resources */ = {isa = PBXBuildFile; fileRef = 52514517213574F500F378EA /* Assets.xcassets */; };
		5251451B213574F500F378EA /* LaunchScreen.storyboard in Resources */ = {isa = PBXBuildFile; fileRef = 52514519213574F500F378EA /* LaunchScreen.storyboard */; };
		5251451E213574F500F378EA /* main.m in Sources */ = {isa = PBXBuildFile; fileRef = 5251451D213574F500F378EA /* main.m */; };
/* End PBXBuildFile section */

/* Begin PBXFileReference section */
		5251450B213574F500F378EA /* FirstJenkinsiOS.app */ = {isa = PBXFileReference; explicitFileType = wrapper.application; includeInIndex = 0; path = FirstJenkinsiOS.app; sourceTree = BUILT_PRODUCTS_DIR; };
		5251450E213574F500F378EA /* AppDelegate.h */ = {isa = PBXFileReference; lastKnownFileType = sourcecode.c.h; path = AppDelegate.h; sourceTree = "<group>"; };
		5251450F213574F500F378EA /* AppDelegate.m */ = {isa = PBXFileReference; lastKnownFileType = sourcecode.c.objc; path = AppDelegate.m; sourceTree = "<group>"; };
		52514511213574F500F378EA /* ViewController.h */ = {isa = PBXFileReference; lastKnownFileType = sourcecode.c.h; path = ViewController.h; sourceTree = "<group>"; };
		52514512213574F500F378EA /* ViewController.m */ = {isa = PBXFileReference; lastKnownFileType = sourcecode.c.objc; path = ViewController.m; sourceTree = "<group>"; };
		52514515213574F500F378EA /* Base */ = {isa = PBXFileReference; lastKnownFileType = file.storyboard; name = Base; path = Base.lproj/Main.storyboard; sourceTree = "<group>"; };
		52514517213574F500F378EA /* Assets.xcassets */ = {isa = PBXFileReference; lastKnownFileType = folder.assetcatalog; path = Assets.xcassets; sourceTree = "<group>"; };
		5251451A213574F500F378EA /* Base */ = {isa = PBXFileReference; lastKnownFileType = file.storyboard; name = Base; path = Base.lproj/LaunchScreen.storyboard; sourceTree = "<group>"; };
		5251451C213574F500F378EA /* Info.plist */ = {isa = PBXFileReference; lastKnownFileType = text.plist.xml; path = Info.plist; sourceTree = "<group>"; };
		5251451D213574F500F378EA /* main.m */ = {isa = PBXFileReference; lastKnownFileType = sourcecode.c.objc; path = main.m; sourceTree = "<group>"; };
/* End PBXFileReference section */

/* Begin PBXFrameworksBuildPhase section */
		52514508213574F500F378EA /* Frameworks */ = {
			isa = PBXFrameworksBuildPhase;
			buildActionMask = 2147483647;
			files = (
			);
			runOnlyForDeploymentPostprocessing = 0;
		};
/* End PBXFrameworksBuildPhase section */

/* Begin PBXGroup section */
		52514502213574F500F378EA = {
			isa = PBXGroup;
			children = (
				5251450D213574F500F378EA /* FirstJenkinsiOS */,
				5251450C213574F500F378EA /* Products */,
			);
			sourceTree = "<group>";
		};
		5251450C213574F500F378EA /* Products */ = {
			isa = PBXGroup;
			children = (
				5251450B213574F500F378EA /* FirstJenkinsiOS.app */,
			);
			name = Products;
			sourceTree = "<group>";
		};
		5251450D213574F500F378EA /* FirstJenkinsiOS */ = {
			isa = PBXGroup;
			children = (
				5251450E213574F500F378EA /* AppDelegate.h */,
				5251450F213574F500F378EA /* AppDelegate.m */,
				52514511213574F500F378EA /* ViewController.h */,
				52514512213574F500F378EA /* ViewController.m */,
				52514514213574F500F378EA /* Main.storyboard */,
				52514517213574F500F378EA /* Assets.xcassets */,
				52514519213574F500F378EA /* LaunchScreen.storyboard */,
				5251451C213574F500F378EA /* Info.plist */,
				5251451D213574F500F378EA /* main.m */,
			);
			path = FirstJenkinsiOS;
			sourceTree = "<group>";
		};
/* End PBXGroup section */

/* Begin PBXNativeTarget section */
		5251450A213574F500F378EA /* FirstJenkinsiOS */ = {
			isa = PBXNativeTarget;
			buildConfigurationList = 52514521213574F500F378EA /* Build configuration list for PBXNativeTarget "FirstJenkinsiOS" */;
			buildPhases = (
				52514507213574F500F378EA /* Sources */,
				52514508213574F500F378EA /* Frameworks */,
				52514509213574F500F378EA /* Resources */,
			);
			buildRules = (
			);
			dependencies = (
			);
			name = FirstJenkinsiOS;
			productName = FirstJenkinsiOS;
			productReference = 5251450B213574F500F378EA /* FirstJenkinsiOS.app */;
			productType = "com.apple.product-type.application";
		};
/* End PBXNativeTarget section */

/* Begin PBXProject section */
		52514503213574F500F378EA /* Project object */ = {
			isa = PBXProject;
			attributes = {
				LastUpgradeCheck = 0920;
				ORGANIZATIONNAME = "Chitralekha Yellewar";
				TargetAttributes = {
					5251450A213574F500F378EA = {
						CreatedOnToolsVersion = 9.2;
						ProvisioningStyle = Automatic;
					};
				};
			};
			buildConfigurationList = 52514506213574F500F378EA /* Build configuration list for PBXProject "FirstJenkinsiOS" */;
			compatibilityVersion = "Xcode 8.0";
			developmentRegion = en;
			hasScannedForEncodings = 0;
			knownRegions = (
				en,
				Base,
			);
			mainGroup = 52514502213574F500F378EA;
			productRefGroup = 5251450C213574F500F378EA /* Products */;
			projectDirPath = "";
			projectRoot = "";
			targets = (
				5251450A213574F500F378EA /* FirstJenkinsiOS */,
			);
		};
/* End PBXProject section */

/* Begin PBXResourcesBuildPhase section */
		52514509213574F500F378EA /* Resources */ = {
			isa = PBXResourcesBuildPhase;
			buildActionMask = 2147483647;
			files = (
				5251451B213574F500F378EA /* LaunchScreen.storyboard in Resources */,
				52514518213574F500F378EA /* Assets.xcassets in Resources */,
				52514516213574F500F378EA /* Main.storyboard in Resources */,
			);
			runOnlyForDeploymentPostprocessing = 0;
		};
/* End PBXResourcesBuildPhase section */

/* Begin PBXSourcesBuildPhase section */
		52514507213574F500F378EA /* Sources */ = {
			isa = PBXSourcesBuildPhase;
			buildActionMask = 2147483647;
			files = (
				52514513213574F500F378EA /* ViewController.m in Sources */,
				5251451E213574F500F378EA /* main.m in Sources */,
				52514510213574F500F378EA /* AppDelegate.m in Sources */,
			);
			runOnlyForDeploymentPostprocessing = 0;
		};
/* End PBXSourcesBuildPhase section */

/* Begin PBXVariantGroup section */
		52514514213574F500F378EA /* Main.storyboard */ = {
			isa = PBXVariantGroup;
			children = (
				52514515213574F500F378EA /* Base */,
			);
			name = Main.storyboard;
			sourceTree = "<group>";
		};
		52514519213574F500F378EA /* LaunchScreen.storyboard */ = {
			isa = PBXVariantGroup;
			children = (
				5251451A213574F500F378EA /* Base */,
			);
			name = LaunchScreen.storyboard;
			sourceTree = "<group>";
		};
/* End PBXVariantGroup section */

/* Begin XCBuildConfiguration section */
		5251451F213574F500F378EA /* Debug */ = {
			isa = XCBuildConfiguration;
			buildSettings = {
				ALWAYS_SEARCH_USER_PATHS = NO;
				CLANG_ANALYZER_NONNULL = YES;
				CLANG_ANALYZER_NUMBER_OBJECT_CONVERSION = YES_AGGRESSIVE;
				CLANG_CXX_LANGUAGE_STANDARD = "gnu++14";
				CLANG_CXX_LIBRARY = "libc++";
				CLANG_ENABLE_MODULES = YES;
				CLANG_ENABLE_OBJC_ARC = YES;
				CLANG_WARN_BLOCK_CAPTURE_AUTORELEASING = YES;
				CLANG_WARN_BOOL_CONVERSION = YES;
				CLANG_WARN_COMMA = YES;
				CLANG_WARN_CONSTANT_CONVERSION = YES;
				CLANG_WARN_DIRECT_OBJC_ISA_USAGE = YES_ERROR;
				CLANG_WARN_DOCUMENTATION_COMMENTS = YES;
				CLANG_WARN_EMPTY_BODY = YES;
				CLANG_WARN_ENUM_CONVERSION = YES;
				CLANG_WARN_INFINITE_RECURSION = YES;
				CLANG_WARN_INT_CONVERSION = YES;
				CLANG_WARN_NON_LITERAL_NULL_CONVERSION = YES;
				CLANG_WARN_OBJC_LITERAL_CONVERSION = YES;
				CLANG_WARN_OBJC_ROOT_CLASS = YES_ERROR;
				CLANG_WARN_RANGE_LOOP_ANALYSIS = YES;
				CLANG_WARN_STRICT_PROTOTYPES = YES;
				CLANG_WARN_SUSPICIOUS_MOVE = YES;
				CLANG_WARN_UNGUARDED_AVAILABILITY = YES_AGGRESSIVE;
				CLANG_WARN_UNREACHABLE_CODE = YES;
				CLANG_WARN__DUPLICATE_METHOD_MATCH = YES;
				CODE_SIGN_IDENTITY = "iPhone Developer";
				COPY_PHASE_STRIP = NO;
				DEBUG_INFORMATION_FORMAT = dwarf;
				ENABLE_STRICT_OBJC_MSGSEND = YES;
				ENABLE_TESTABILITY = YES;
				GCC_C_LANGUAGE_STANDARD = gnu11;
				GCC_DYNAMIC_NO_PIC = NO;
				GCC_NO_COMMON_BLOCKS = YES;
				GCC_OPTIMIZATION_LEVEL = 0;
				GCC_PREPROCESSOR_DEFINITIONS = (
					"DEBUG=1",
					"$(inherited)",
				);
				GCC_WARN_64_TO_32_BIT_CONVERSION = YES;
				GCC_WARN_ABOUT_RETURN_TYPE = YES_ERROR;
				GCC_WARN_UNDECLARED_SELECTOR = YES;
				GCC_WARN_UNINITIALIZED_AUTOS = YES_AGGRESSIVE;
				GCC_WARN_UNUSED_FUNCTION = YES;
				GCC_WARN_UNUSED_VARIABLE = YES;
				INFOPLIST_FILE = FirstJenkinsiOS/Info.plist;
				IPHONEOS_DEPLOYMENT_TARGET = 11.2;
				MTL_ENABLE_DEBUG_INFO = YES;
				ONLY_ACTIVE_ARCH = YES;
				SDKROOT = iphoneos;
			};
			name = Debug;
		};
		52514520213574F500F378EA /* Release */ = {
			isa = XCBuildConfiguration;
			buildSettings = {
				ALWAYS_SEARCH_USER_PATHS = NO;
				CLANG_ANALYZER_NONNULL = YES;
				CLANG_ANALYZER_NUMBER_OBJECT_CONVERSION = YES_AGGRESSIVE;
				CLANG_CXX_LANGUAGE_STANDARD = "gnu++14";
				CLANG_CXX_LIBRARY = "libc++";
				CLANG_ENABLE_MODULES = YES;
				CLANG_ENABLE_OBJC_ARC = YES;
				CLANG_WARN_BLOCK_CAPTURE_AUTORELEASING = YES;
				CLANG_WARN_BOOL_CONVERSION = YES;
				CLANG_WARN_COMMA = YES;
				CLANG_WARN_CONSTANT_CONVERSION = YES;
				CLANG_WARN_DIRECT_OBJC_ISA_USAGE = YES_ERROR;
				CLANG_WARN_DOCUMENTATION_COMMENTS = YES;
				CLANG_WARN_EMPTY_BODY = YES;
				CLANG_WARN_ENUM_CONVERSION = YES;
				CLANG_WARN_INFINITE_RECURSION = YES;
				CLANG_WARN_INT_CONVERSION = YES;
				CLANG_WARN_NON_LITERAL_NULL_CONVERSION = YES;
				CLANG_WARN_OBJC_LITERAL_CONVERSION = YES;
				CLANG_WARN_OBJC_ROOT_CLASS = YES_ERROR;
				CLANG_WARN_RANGE_LOOP_ANALYSIS = YES;
				CLANG_WARN_STRICT_PROTOTYPES = YES;
				CLANG_WARN_SUSPICIOUS_MOVE = YES;
				CLANG_WARN_UNGUARDED_AVAILABILITY = YES_AGGRESSIVE;
				CLANG_WARN_UNREACHABLE_CODE = YES;
				CLANG_WARN__DUPLICATE_METHOD_MATCH = YES;
				CODE_SIGN_IDENTITY = "iPhone Developer";
				COPY_PHASE_STRIP = NO;
				DEBUG_INFORMATION_FORMAT = "dwarf-with-dsym";
				ENABLE_NS_ASSERTIONS = NO;
				ENABLE_STRICT_OBJC_MSGSEND = YES;
				GCC_C_LANGUAGE_STANDARD = gnu11;
				GCC_NO_COMMON_BLOCKS = YES;
				GCC_WARN_64_TO_32_BIT_CONVERSION = YES;
				GCC_WARN_ABOUT_RETURN_TYPE = YES_ERROR;
				GCC_WARN_UNDECLARED_SELECTOR = YES;
				GCC_WARN_UNINITIALIZED_AUTOS = YES_AGGRESSIVE;
				GCC_WARN_UNUSED_FUNCTION = YES;
				GCC_WARN_UNUSED_VARIABLE = YES;
				INFOPLIST_FILE = FirstJenkinsiOS/Info.plist;
				IPHONEOS_DEPLOYMENT_TARGET = 11.2;
				MTL_ENABLE_DEBUG_INFO = NO;
				SDKROOT = iphoneos;
				VALIDATE_PRODUCT = YES;
			};
			name = Release;
		};
		52514522213574F500F378EA /* Debug */ = {
			isa = XCBuildConfiguration;
			buildSettings = {
				ASSETCATALOG_COMPILER_APPICON_NAME = AppIcon;
				CODE_SIGN_STYLE = Automatic;
				DEVELOPMENT_TEAM = 75652DA3UT;
				INFOPLIST_FILE = FirstJenkinsiOS/Info.plist;
				LD_RUNPATH_SEARCH_PATHS = "$(inherited) @executable_path/Frameworks";
				PRODUCT_BUNDLE_IDENTIFIER = com.example.FirstJenkinsiOS;
				PRODUCT_NAME = "$(TARGET_NAME)";
				TARGETED_DEVICE_FAMILY = "1,2";
			};
			name = Debug;
		};
		52514523213574F500F378EA /* Release */ = {
			isa = XCBuildConfiguration;
			buildSettings = {
				ASSETCATALOG_COMPILER_APPICON_NAME = AppIcon;
				CODE_SIGN_STYLE = Automatic;
				DEVELOPMENT_TEAM = 75652DA3UT;
				INFOPLIST_FILE = FirstJenkinsiOS/Info.plist;
				LD_RUNPATH_SEARCH_PATHS = "$(inherited) @executable_path/Frameworks";
				PRODUCT_BUNDLE_IDENTIFIER = com.example.FirstJenkinsiOS;
				PRODUCT_NAME = "$(TARGET_NAME)";
				TARGETED_DEVICE_FAMILY = "1,2";
			};
			name = Release;
		};
/* End XCBuildConfiguration section */

/* Begin XCConfigurationList section */
		52514506213574F500F378EA /* Build configuration list for PBXProject "FirstJenkinsiOS" */ = {
			isa = XCConfigurationList;
			buildConfigurations = (
				5251451F213574F500F378EA /* Debug */,
				52514520213574F500F378EA /* Release */,
			);
			defaultConfigurationIsVisible = 0;
			defaultConfigurationName = Release;
		};
		52514521213574F500F378EA /* Build configuration list for PBXNativeTarget "FirstJenkinsiOS" */ = {
			isa = XCConfigurationList;
			buildConfigurations = (
				52514522213574F500F378EA /* Debug */,
				52514523213574F500F378EA /* Release */,
			);
			defaultConfigurationIsVisible = 0;
			defaultConfigurationName = Release;
		};
/* End XCConfigurationList section */
	};
	rootObject = 52514503213574F500F378EA /* Project object */;
}
